
Microsoft Visual Studio Solution File, Format Version 11.00
# Visual Studio 2010
Project("{FAE04EC0-301F-11D3-BF4B-00C04F79EFBC}") = "Assembly-CSharp", "Assembly-CSharp.csproj", "{574A7081-D3EF-028C-69AC-5D49B40D5D30}"
EndProject
Global
	GlobalSection(SolutionConfigurationPlatforms) = preSolution
		Debug|Any CPU = Debug|Any CPU
		Release|Any CPU = Release|Any CPU
	EndGlobalSection
	GlobalSection(ProjectConfigurationPlatforms) = postSolution
		{574A7081-D3EF-028C-69AC-5D49B40D5D30}.Debug|Any CPU.ActiveCfg = Debug|Any CPU
		{574A7081-D3EF-028C-69AC-5D49B40D5D30}.Debug|Any CPU.Build.0 = Debug|Any CPU
		{574A7081-D3EF-028C-69AC-5D49B40D5D30}.Release|Any CPU.ActiveCfg = Release|Any CPU
		{574A7081-D3EF-028C-69AC-5D49B40D5D30}.Release|Any CPU.Build.0 = Release|Any CPU
	EndGlobalSection
	GlobalSection(SolutionProperties) = preSolution
		HideSolutionNode = FALSE
	EndGlobalSection
	GlobalSection(MonoDevelopProperties) = preSolution
		StartupItem = Assembly-CSharp.csproj
	EndGlobalSection
EndGlobal
